
Microsoft Visual Studio Solution File, Format Version 12.00
# Visual Studio Version 16
VisualStudioVersion = 16.0.810.3
MinimumVisualStudioVersion = 10.0.40219.1
Project("{FAE04EC0-301F-11D3-BF4B-00C04F79EFBC}") = "Task4_1", "Task4_1.csproj", "{F7BBD218-2C9A-4437-B884-B76786C0559A}"
EndProject
Global
	GlobalSection(SolutionConfigurationPlatforms) = preSolution
		Debug|Any CPU = Debug|Any CPU
		Release|Any CPU = Release|Any CPU
	EndGlobalSection
	GlobalSection(ProjectConfigurationPlatforms) = postSolution
		{F7BBD218-2C9A-4437-B884-B76786C0559A}.Debug|Any CPU.ActiveCfg = Debug|Any CPU
		{F7BBD218-2C9A-4437-B884-B76786C0559A}.Debug|Any CPU.Build.0 = Debug|Any CPU
		{F7BBD218-2C9A-4437-B884-B76786C0559A}.Release|Any CPU.ActiveCfg = Release|Any CPU
		{F7BBD218-2C9A-4437-B884-B76786C0559A}.Release|Any CPU.Build.0 = Release|Any CPU
	EndGlobalSection
	GlobalSection(SolutionProperties) = preSolution
		HideSolutionNode = FALSE
	EndGlobalSection
	GlobalSection(ExtensibilityGlobals) = postSolution
		SolutionGuid = {B218C327-1837-424C-BCE5-F7D8E451110D}
	EndGlobalSection
EndGlobal
