
Microsoft Visual Studio Solution File, Format Version 12.00
# Visual Studio Version 16
VisualStudioVersion = 16.0.810.3
MinimumVisualStudioVersion = 10.0.40219.1
Project("{FAE04EC0-301F-11D3-BF4B-00C04F79EFBC}") = "Task3_2", "Task3_2.csproj", "{2B0C0642-4A23-48DE-A3A7-755A5922E3B0}"
EndProject
Global
	GlobalSection(SolutionConfigurationPlatforms) = preSolution
		Debug|Any CPU = Debug|Any CPU
		Release|Any CPU = Release|Any CPU
	EndGlobalSection
	GlobalSection(ProjectConfigurationPlatforms) = postSolution
		{2B0C0642-4A23-48DE-A3A7-755A5922E3B0}.Debug|Any CPU.ActiveCfg = Debug|Any CPU
		{2B0C0642-4A23-48DE-A3A7-755A5922E3B0}.Debug|Any CPU.Build.0 = Debug|Any CPU
		{2B0C0642-4A23-48DE-A3A7-755A5922E3B0}.Release|Any CPU.ActiveCfg = Release|Any CPU
		{2B0C0642-4A23-48DE-A3A7-755A5922E3B0}.Release|Any CPU.Build.0 = Release|Any CPU
	EndGlobalSection
	GlobalSection(SolutionProperties) = preSolution
		HideSolutionNode = FALSE
	EndGlobalSection
	GlobalSection(ExtensibilityGlobals) = postSolution
		SolutionGuid = {78CBB944-22E3-4A6C-91A6-A20570F8E04C}
	EndGlobalSection
EndGlobal
