
Microsoft Visual Studio Solution File, Format Version 12.00
# Visual Studio Version 16
VisualStudioVersion = 16.0.810.4
MinimumVisualStudioVersion = 10.0.40219.1
Project("{FAE04EC0-301F-11D3-BF4B-00C04F79EFBC}") = "Task5_1", "Task5_1.csproj", "{7D102478-A02A-46C2-8898-24305280301E}"
EndProject
Global
	GlobalSection(SolutionConfigurationPlatforms) = preSolution
		Debug|Any CPU = Debug|Any CPU
		Release|Any CPU = Release|Any CPU
	EndGlobalSection
	GlobalSection(ProjectConfigurationPlatforms) = postSolution
		{7D102478-A02A-46C2-8898-24305280301E}.Debug|Any CPU.ActiveCfg = Debug|Any CPU
		{7D102478-A02A-46C2-8898-24305280301E}.Debug|Any CPU.Build.0 = Debug|Any CPU
		{7D102478-A02A-46C2-8898-24305280301E}.Release|Any CPU.ActiveCfg = Release|Any CPU
		{7D102478-A02A-46C2-8898-24305280301E}.Release|Any CPU.Build.0 = Release|Any CPU
	EndGlobalSection
	GlobalSection(SolutionProperties) = preSolution
		HideSolutionNode = FALSE
	EndGlobalSection
	GlobalSection(ExtensibilityGlobals) = postSolution
		SolutionGuid = {D3FA9D5A-667A-4FF3-91EC-D9ECE6B3D684}
	EndGlobalSection
EndGlobal
